{
  "authority": "asago-artifact-generator",
  "contract": "artifact-package",
  "digest_domain": "artifact-package-v1",
  "package_schema_version": "artifact-package-v1",
  "files": {
    "artifact-package-v1/schema.json": "66ad71be1a0745843d0aea7ef3a4c61d7efe99dbb6528b72936a0549d809038c",
    "artifact-result-v1/schema.json": "72482e19865d20f47336b4a11f365769ec72df54a8564f45d67e96b6fb915613"
  }
}
