{
  "authority": "asago-scenario-generator",
  "contract": "scenario-handoff",
  "digest_domain": "scenario-handoff-v1",
  "digest_domains": {
    "scenario-handoff-v1": "scenario-handoff-v1",
    "scenario-handoff-v2": "scenario-handoff-v2",
    "scenario-handoff-v3": "scenario-handoff-v3",
    "scenario-handoff-v4": "scenario-handoff-v4"
  },
  "files": {
    "handoff-v1/canonical-digests.json": "b1c4419876214ac94e06ccecd27f8f5f292000da3fe97cd8b243c53afdcd424c",
    "handoff-v1/expected-violations.json": "068251ba93f8a668341d8b7ef59308237c90dd0e87605b29dc19584aee970347",
    "handoff-v1/invalid/prepared-message-field.json": "23043a550b6ebf5d16e51ffc2fdb0c17996c23efa0f371d0adfe377f76159101",
    "handoff-v1/invalid/role-turn-array.json": "abbe9e4c75fa12fe5e594773f6ec034152f6cb3cffc40ecd22c4001f83394efe",
    "handoff-v1/invalid/smuggled-prose.json": "7dbf7e18d7a8c5132304456284cb5be9db0d4f53bf776772d458389c4673f954",
    "handoff-v1/invalid/stimulus-turn-field.json": "3b0835f9c66c4f508ffa63ace5c8bbdde9fac06a5058fcf6a5cd4dd743f884a3",
    "handoff-v1/schema.json": "67a4cc77c59408e6d661044e8c23eca49f2863bb2768da9b6f144c5013abbbfc",
    "handoff-v1/valid/adversarial-refund.json": "43814d1e54466247fafa3d0a1a2364247922fb92dca53c660c4219538a0aa914",
    "handoff-v1/valid/functional-no-attacker.json": "214091e2cdba952a065e89007364483427af1ad02ca263893af1d8d6b819782f",
    "handoff-v1/valid/functional-no-attacker-v2.json": "0d8600c4143fd012a7b8f54f044190d4e1de9e8775dd6279b27df52aa4a839f7",
    "handoff-v2/canonical-digests.json": "a8a4786a77aabbfb631aa312b0d7275715490b35893d98beec959fddf8c14a21",
    "handoff-v2/expected-violations.json": "c5ce0ed1e455513edf6d7e75944698aac9f44bafd1a61977b0ed81baa06e8dc3",
    "handoff-v2/invalid/observed-selection-without-record-path.json": "08ee1b79256a717b64bb5a0280046db1c220fde3b807969de8d6d40f9652c6fc",
    "handoff-v2/invalid/unknown-operand-source.json": "a5c17d20f5bb882b71d4f0a162356d7a4203e6fb838eee74171417977bc670eb",
    "handoff-v2/schema.json": "705de6751fc2b799e4d7d7527d7dcb129e86f5355331f102fb692db878458d49",
    "handoff-v2/valid/adversarial-observed-record.json": "d3a4c28f8431232b6771aae9bf00b4d039e8c22dde999435b625e17c9b7e5eed",
    "handoff-v2/valid/analytical-only.json": "d4df036661951529924c60dfa9009281324b86d5e54f2c35acc3c37301600579",
    "handoff-v2/valid/functional-record-unavailable.json": "de566df8067efef80b7301f2037264ed860ddbe648e3c73326a0131c0cd99dd9",
    "handoff-v2/valid/adversarial-condition-omitted.json": "980e7ec876997c1eed149fee362bd5d524d1dc3397ca0024bd0703e8f6b2fd20",
    "handoff-v2/valid/functional-not-called.json": "b9923321da8643cb8dddd00ceb9864944214cbc1c16420e4cb256aa0c9488743",
    "handoff-v3/canonical-digests.json": "c472b905aa6eed8627e1afdf0c94a100b9b214597d011b23de44e22e34faa503",
    "handoff-v3/expected-violations.json": "d850fd5e42933164bdbef43e89c0828e2447047ba4db2a9f81504d29ec6f6201",
    "handoff-v3/invalid/bound-without-condition.json": "d2995a2fdc1e97e2d793821e4d7c07e32817679026fd2c02ee6fc09b176207e2",
    "handoff-v3/invalid/fact-operand-in-condition.json": "9d642def3741221e91676b90bbea35eef7308176d4ff6d0c0b7e32f0cc58a003",
    "handoff-v3/schema.json": "c6fd2083ff70bf0810be58e395385d39a2ad06c3bb40c5fde998c8375b92fb2c",
    "handoff-v3/valid/adversarial-condition-omitted.json": "5134b1ca4db4d73c8b51dc4548e6b0f7571e9afd54809c22340b577b01ca3bb9",
    "handoff-v3/valid/adversarial-observed-record.json": "daff74e22be44244e79c47c0a88c24d8965f119f735fb7dbfe6578368b32dbb2",
    "handoff-v3/valid/analytical-only.json": "0bc8ced30c9f7377f89eed2b153d92bb35503831a05e53983768b04394ca7a15",
    "handoff-v3/valid/functional-not-called.json": "89524cb5185fd7a27920b0b45a5a0ab61c0c8f44eb8d53d76891762b01b90ae7",
    "handoff-v3/valid/functional-record-unavailable.json": "070cfdf9916fb20ad94141c86aa3e1289e6eaabe240e8657dea351bd7009dd4e",
    "handoff-v4/canonical-digests.json": "20909422a8c882e3fbb490b3fbe92bb1cfc6e3c7a29962289defbc886f11ecf7",
    "handoff-v4/expected-violations.json": "b8153fd5615af6db9635e82cff171479e46b5f721a37c15bf3774f3d3d5d6e7a",
    "handoff-v4/invalid/narrative-role-serialization.json": "f3f37b547d1e5f85cc86ce1c78a383ab47de3032ae25c6c554f2486a93cf5da2",
    "handoff-v4/invalid/narrative-turn-array.json": "ab88539f45a10309642bb774cc1b04ca32f2494781b234ca972db30bf7639ce5",
    "handoff-v4/invalid/shape-adversarial-null.json": "2ce4b8c1100bedf81b46df6158543a277a54c6d2b4c267bd4f0358c60a3272ec",
    "handoff-v4/invalid/shape-carrier-with-prose.json": "f8aa237364561d8e53b30e1d2273c290f2ba1cef080636aa51591332a86c72fb",
    "handoff-v4/invalid/shape-delivery-key.json": "70bf816ff5678393078554a1d4bad573593aea0a130e509acfa1a47fc9851cd6",
    "handoff-v4/invalid/shape-direct-with-benign-speaker.json": "371cb65392107417e7e7e1d5dec78e381963958203437e51b4186b3ea08145c2",
    "handoff-v4/invalid/shape-direct-with-indirect-block.json": "0febb4e0b68c7fa0e53e42bfd8273129da1fc806ef3e5fb35e0d41cf5cddad79",
    "handoff-v4/invalid/shape-downgrade-without-default.json": "f9bf8fc35f489aaacf74e7a4251d4cf8391815c69086e52213e314fef314d3bd",
    "handoff-v4/invalid/shape-forged-last-not-attacker.json": "8648cea2661f6f0a6b52afaa7ff76b98f93bc9b7d39a4ddf13f55a9db6f101da",
    "handoff-v4/invalid/shape-forged-speaker-on-direct.json": "62d11a692d53e7f40c465fbec480a060c8aa4f1d65b2a1d7ed9332ec247f4421",
    "handoff-v4/invalid/shape-forged-without-label.json": "fa56309447fb9bd7edc112aaad1968ccdd0979b2309ebdf85e51fd0f58c45184",
    "handoff-v4/invalid/shape-functional-with-shape.json": "599ca4ef83feaeabfc6dc74043d903b3a4bf9e758fe1b90f9f6fdfa649c97c53",
    "handoff-v4/invalid/shape-indirect-attacker-speaker.json": "db38595b08548b2da1bb7cab3201a4033e283ffd256f029ed6d9963dedf88401",
    "handoff-v4/invalid/shape-indirect-no-read-turn.json": "cfa8c5df756201bc75d5b9c1e55a6d0860b28a807e3e8a80591922e9c95aa5da",
    "handoff-v4/invalid/shape-indirect-without-block.json": "dd28996ded5dec284c15b70a7e5ba734e6cb85e7b765dd6d4077a4b24bb084f9",
    "handoff-v4/invalid/shape-missing.json": "e1eee5c56ce7a38cc6fac0bfb014d03ae38cf56f083b8e280b4578234e76ff74",
    "handoff-v4/invalid/shape-plan-length-mismatch.json": "7633c75ceafb41941bfcc829e7699ffa9da908abe19cc3ab26780a71e8ef72be",
    "handoff-v4/invalid/shape-positions-not-sequential.json": "d16167590d0d8239e2288bbc89107687e655ecf2c4bd1c231539db102d8da908",
    "handoff-v4/invalid/shape-purpose-free-text.json": "30a9da2bdc1fe8c85a2bffc4cf5b8db60d619041726f6ef1ab1f43887106e8b2",
    "handoff-v4/invalid/shape-purpose-speaker-mismatch.json": "d14c91d5f0d57b1347a700520c108a603a633c7886a4e7a160a68fb6b701c1dd",
    "handoff-v4/invalid/shape-record-ref-with-prose.json": "17d9d1d1fe3d0801ea2d3b931926749cfc200b4264cb3c4eb33134c54e879b61",
    "handoff-v4/invalid/shape-turn-count-five.json": "1ec277d8e9ece75d57f5a301dd136ea8edca194fbb5ec50ee3c7f6c3e2e3a0af",
    "handoff-v4/invalid/shape-turn-count-zero.json": "f21016ff3e920cb2ed2d9bc6fba7cc6bdae6a2bfc89bd6741d5b5b5cdb2e174d",
    "handoff-v4/invalid/shape-turn-role-key.json": "b32a2e0132ec77eea48cd82af8a36a60cceff39ddcd86a0de585926203f4bce0",
    "handoff-v4/invalid/shape-turn-text-field.json": "f2304a558447c2179e586153609b374aa420d3aea52152c07cebccf7a1548aec",
    "handoff-v4/invalid/shape-turns-array-key.json": "eed683186914e5bb3141ec2f3c3694df05d1f00beed48aa5d3cd52b357cb1244",
    "handoff-v4/schema.json": "9bd086ab666aae0ee4524f919cf9eab8ca7e231cb654a3855995785f79cbe1cb",
    "handoff-v4/valid/adversarial-condition-omitted.json": "5df03a6ad7ea66ce6f96395cc294df01492b77f69a72e4eae57b10de077874ad",
    "handoff-v4/valid/adversarial-direct-multi-turn.json": "faed0c3e71fc528bb11cee4806920db12130c8e66af1b8e9ef504fc1e478c109",
    "handoff-v4/valid/adversarial-direct-single.json": "4db4f8dbdd8d5c97b97e96f9c7dd7ea984a66d1e7d69b6f26cf3722f0f35e05e",
    "handoff-v4/valid/adversarial-downgraded.json": "e15abb9f6ccd76cee11be726be81845c0121fa0f57fc7791d6a14119505d2a70",
    "handoff-v4/valid/adversarial-forged-transcript.json": "8a2dbc62ee6f50e19f6221da45b47b3652287e5177575940d445fff5e68251be",
    "handoff-v4/valid/adversarial-indirect-listing.json": "9cf3013454eb591e93f45e4b4a1b086728d84a90af09c9df03159860a85a429b",
    "handoff-v4/valid/adversarial-indirect-policy-operator.json": "0f10552e0ef3bd078b33566677926791b4de0520a1100fa8a88bf1af42c3469f",
    "handoff-v4/valid/adversarial-observed-record.json": "76e4fa69bb14e284e574c175be50a52114b4e62f479de6614b226be3a7ace98f",
    "handoff-v4/valid/analytical-only.json": "91fa2cfb25989db8b3fbaf4c2c75c2c947c214fc4cb57de21cb60b0d782e9350",
    "handoff-v4/valid/functional-not-called.json": "93cf0cf6ca6c392c983d3d0240c7998c6ab5f0c149c83c67d69f423572f62467",
    "handoff-v4/valid/functional-null-shape.json": "78995f3b5c067e4eb79ceb27e5348f353f0e9a06330fa911a64b61c33da7bf88",
    "handoff-v4/valid/functional-record-unavailable.json": "07c8308a62f25df9ba51842c1e38bb712600175539462158cbb9b033eae48bcb",
    "handoff-v3/invalid/narrative-role-serialization.json": "f5e48260659f99b3991d9d3005bcf7121d7341cf6afc0089dcc958b07ff06fef",
    "handoff-v3/invalid/narrative-turn-array.json": "ad8f7dc8fe892f4915899ce0188ccc2d3a6b4df7e1106a4f434f4de5b7a6ae9b",
    "handoff-v3/invalid/ownership-deliver-this-message.json": "141ea1f9b63c5ca67db48b7bcd56e514c1426566e63d33c31f9f090bd705d0c2",
    "handoff-v3/invalid/ownership-dotted-key.json": "820b0b74c4cee6066e338bbf273c97faf62e7bc64a4236e0eff94415c92d8129",
    "handoff-v3/invalid/ownership-judge-prompt.json": "c04647037cf5f0a5da19400b754fc63937cf685517fdbd2293dc79b0055f460d",
    "handoff-v3/invalid/ownership-key-name-pattern.json": "4b886244e56d4cc2a2482131b5889c82f7b2734175502fb0758191fac49bc531",
    "handoff-v3/invalid/ownership-oracle-basis-key.json": "10c217cbd0403c51e69291ea2952cacded8811025a7502e8f8eb7a677aceb580",
    "handoff-v3/invalid/ownership-oracle-kind-key.json": "a9c5dccaa6b906cbdc5734437a168cbcc9b7e44331f7b482ff3135392b776bcf",
    "handoff-v3/invalid/ownership-oracle-observes-key.json": "ab4665abd795e7a097c0098ee5b3af77ad4751a9e58198cb0e3571aa762d9ec4",
    "handoff-v3/invalid/ownership-system-prompt-is.json": "cfc914794ea7c4acfa432de5a48300b1cc5d4ea770044cdccc9990bf05bc550f",
    "handoff-v3/invalid/prepared-message-field.json": "55216774d5912feb75847ffae7a65ff796d09cb3b9ed6ab73cb18d3a1e8301d8",
    "handoff-v3/invalid/role-turn-array.json": "2cb7781c37d4ac1a0b516ac269971e52144ac2ff927787051fcaeb4b1450cb83",
    "handoff-v3/invalid/smuggled-prose.json": "e1af908a0540b458300fb0f4e0837d47f6bfe645aab1dfb1fdc51a0b9e32f48e",
    "handoff-v3/invalid/stimulus-turn-field.json": "dbecd7aae4802e4b10325bebee0b01e51b47353a690bf5912e36af3eaa269da8",
    "handoff-v4/invalid/ownership-deliver-this-message.json": "f17463ba97416ca7c1fd3f638b644a959ddec1da28cbb8f886445fa1ce868eb7",
    "handoff-v4/invalid/ownership-dotted-key.json": "e969b75360c9013cd0634331d13273cc9ced07b880a4e5a988ab84af889ce3a6",
    "handoff-v4/invalid/ownership-judge-prompt.json": "690edd63aeed726260f520a9053e5c890982ef0442017be07fac6272a9bdeff1",
    "handoff-v4/invalid/ownership-key-name-pattern.json": "af473b75b9c786f5e4db2d0a668bccc01380edbb110ec751c5a7e51e4541088c",
    "handoff-v4/invalid/ownership-oracle-basis-key.json": "86ec76cf1a964a94594c16a52ef28e17a2e579b0fc39acda62c9fca2e14379c2",
    "handoff-v4/invalid/ownership-oracle-kind-key.json": "0febdac503dcf8b2cf8939f2d89a58668ebddf82bd924a25d6b9ee56344f49dd",
    "handoff-v4/invalid/ownership-oracle-observes-key.json": "477f54e83b2e192be6509a46f5ba715d2db82ffdfc3ee18422d84eb48fd5f230",
    "handoff-v4/invalid/ownership-system-prompt-is.json": "052469b3c512253369584f7d7fa6dbc689d15f9830e9f0e90f713ec2442f1187",
    "handoff-v4/invalid/prepared-message-field.json": "7f6873ffb27e4340c136b5295a2ff36a54f3bfaa5edbe67f34828e527c03a56b",
    "handoff-v4/invalid/role-turn-array.json": "14511bf11f5c6001e4aacab72c8e2875e0597f858e93fe66f61394d5107c0d74",
    "handoff-v4/invalid/smuggled-prose.json": "4b03ddabb9c3e011e7a83069ba35ea877773ac6aeeae11ee72fbf7ea26d5efa6",
    "handoff-v4/invalid/stimulus-turn-field.json": "4e6344276a26b0cca9104a9b2808261fd1e8ec1b988edbefcbc7137e25083b8f",
    "handoff-v3/invalid/schema-assessment-blank-reason.json": "851a25751e6e3f2e08c140a528f593b687d201f9b398165ffa2a6ff60d4a3ca6",
    "handoff-v3/invalid/schema-assessment-disposition-not-enumerated.json": "7989f02768abde65b986cc4f28af4b4b32fb1911162970d6c77790e361a78940",
    "handoff-v3/invalid/schema-assessment-missing-reason.json": "8e02f3210cc4523b531f1087c11be70c7b50e5d193958685ab3fdb3b45afed27",
    "handoff-v3/invalid/schema-assessment-not-object.json": "027129b38e1e4b6ffc715104668b34c397e43631477b60eb6d9b1d9c032d2b3f",
    "handoff-v3/invalid/schema-assessment-supported-not-list.json": "aa0d282dcee17a509c0f9405810a90063743c454bbef6c6f204212c0791b4eb7",
    "handoff-v3/invalid/schema-attack-tree-not-object.json": "727de6304411f05f266ce6f7081d707eeee387e506dc2283d088c09fb3da08d6",
    "handoff-v3/invalid/schema-blank-narrative.json": "36ec47bcae90f25e5ffe65ec94d0998cf2a212ea84eb00b74fb0baf9e9474790",
    "handoff-v3/invalid/schema-bound-without-tool-call-condition.json": "f5048e05d1ef6ddd8836a182081e2afedacd6e2a53f97bf4f843d56ad1b81bf9",
    "handoff-v3/invalid/schema-condition-not-object.json": "6d684c596a0f891cab329f3a410415701492b56cda07a56986239b57ce3f18b6",
    "handoff-v3/invalid/schema-criterion-analytical-with-operation.json": "0751f210f41f0b21dd4f6c0c83b946507dc4504ebcf129390212b43d323a914b",
    "handoff-v3/invalid/schema-criterion-blank-outcome.json": "356ac51dc4a5a1f00b0dd4070ca01562a79acdff4b50936c63eb976542097841",
    "handoff-v3/invalid/schema-criterion-missing-reason.json": "5f58dd60cda0f199f23b938f4a2a6958ab20b1a63712c05d75ddb7cbc5ceb82f",
    "handoff-v3/invalid/schema-criterion-observable-not-boolean.json": "58331ae3f6ef9aa3b34fe69819996e0b9ce2e713add7616e771be067537f531d",
    "handoff-v3/invalid/schema-criterion-observable-without-claim.json": "2a3059a87893e07a940cdeda004c99d75e49650da9bf1f3e2b957bedabb52c2a",
    "handoff-v3/invalid/schema-criterion-unknown-field.json": "39950354a85ea252608331877b3dc1ab964bfe674bc7cf39df9d4d4a7a2d3ca5",
    "handoff-v3/invalid/schema-deduplication-blank-scenario-id.json": "2ef3866cc586cf3fbc6c5a35ca1ffd729ef44aacf2fd0c3ce17041c13501e26f",
    "handoff-v3/invalid/schema-deduplication-key-blank-operation.json": "56dbf29e5cd2923a6fce520e54c13841bb993998c5a208c87664bd8635ad08a3",
    "handoff-v3/invalid/schema-deduplication-key-claim-not-enumerated.json": "b0f441006090a6b504ad4aee32001e43f18d7777719c2cb3215d9b6ea9b85a95",
    "handoff-v3/invalid/schema-deduplication-key-missing-claim.json": "758d16d2765df5d3f58647c58069430786bc26fe4fa2af53f60beab15beb3f09",
    "handoff-v3/invalid/schema-deduplication-key-not-object.json": "364b549978b952f59fc72e2a1630b0d74ec2f182b5d437ccb3b70b3c3b303230",
    "handoff-v3/invalid/schema-deduplication-missing-key.json": "ff38d755f4b99abb9bbf3c439a9e41fd5e2d5b1356ba5333893771ee0c43a228",
    "handoff-v3/invalid/schema-deduplication-not-object.json": "999c1ab9a5f43bb560d20e5aa1c7e18d71aaab8f96e423fe6c364055e908c0ae",
    "handoff-v3/invalid/schema-deduplication-status-not-enumerated.json": "bf9ec297b7db831e6b85d1680eaa05d02395bb986da31d791414c90de87a348b",
    "handoff-v3/invalid/schema-deduplication-unknown-field.json": "52d9db7aa4962e14f35749ec9f8b5ce8b7cfcdb10e831d626bff4b86b1565a57",
    "handoff-v3/invalid/schema-gherkin-given-not-list.json": "f99d9673212ea4fb12d43431dc4be8e4c9eef5f1542d0e5a4e4e7b961ea237df",
    "handoff-v3/invalid/schema-gherkin-not-object.json": "c18986078c526ae497ab6b0ed33db5dea08aaba459655760f9695efcffd069cf",
    "handoff-v3/invalid/schema-gherkin-scenario-null.json": "4e1217d771443349f7036c10b4ac47cbb300fbac679440f466fefce724e8274c",
    "handoff-v3/invalid/schema-gherkin-unknown-field.json": "9fe7ac60ea8a14d660f7369722c5e1a8339af8856d29e6d0b3b0f6ac8e4cf4ed",
    "handoff-v3/invalid/schema-kind-not-enumerated.json": "9490179cfe55ffeed9c3d073f2fbf34b5d1bfcc0c9a8a28a32069aa88a595faa",
    "handoff-v3/invalid/schema-lineage-detector-field.json": "17986e7be73067c63474eda48cd38a6fab3d6106e5d05804b2a6d9b479f267fe",
    "handoff-v3/invalid/schema-lineage-not-object.json": "6dd37555720fcaafe49a5ff0bd0e02b6f0e1821ea85a6e4bd783f61b54676dc1",
    "handoff-v3/invalid/schema-missing-narrative.json": "4a16078a2ea45db5613af8ed31fad8ca446b7cbbc80dffadfd743aa3d28f919d",
    "handoff-v3/invalid/schema-missing-tool-call-status.json": "0c534694075c4e87c14d2f75b4d2ab5a57eab646e47943a59520d23a0e439735",
    "handoff-v3/invalid/schema-not-executable-with-tool-call-condition.json": "3562d09b63b715afb6ca1c2cb7af1b1a242293d522422c75e01b8477506161ca",
    "handoff-v3/invalid/schema-observation-criteria-empty.json": "c695544491fcde29b043d324c1f162d9749797f0e5a49b30d3f05b70c1c36cf3",
    "handoff-v3/invalid/schema-observation-criterion-not-object.json": "78d6166f341feb70fda24cfff65b1e25cbb513e151a89683855cdd9d402f5e71",
    "handoff-v3/invalid/schema-observation-missing-criteria.json": "768f7a394d38b982387b8bac16b6dda89c689b9153c943c559ec268b7bd12212",
    "handoff-v3/invalid/schema-observation-not-object.json": "b801c4e218ba599db72d325fdaeadec214ba5b97cced3afbbec04a6006425672",
    "handoff-v3/invalid/schema-observation-unknown-field.json": "c9a1aa3ee0c877aaad7e8959223eb4473543ca4ef81e5202b57129cfb19685ea",
    "handoff-v3/invalid/schema-safe-alternative-not-text.json": "9acc8c0b95f6ade999f5d29a4140079ac81946aff071c5640546c2e27fbf0827",
    "handoff-v3/invalid/schema-safe-outcome-analytical-with-refs.json": "e0b6093a0d02129e50aa6d2190506d1282d3ebc2c79dc049e8a617767b942471",
    "handoff-v3/invalid/schema-safe-outcome-blank-statement.json": "22f5100bce42fe3708eaa04f1193a8b565add0b6e44ba548fc515e0ecb649f40",
    "handoff-v3/invalid/schema-safe-outcome-empty.json": "414c6ebe8502cb045015b328ad4fafec92b54bfead92d3a6ca67f950c2fc2a50",
    "handoff-v3/invalid/schema-safe-outcome-not-object.json": "6e509ceb8ad16b69c1c1ea604304e7d01593689b7ca456080240591a8b2abfbd",
    "handoff-v3/invalid/schema-safe-outcome-unknown-field.json": "a4a8f5ec238d7357f6ac9a27364fd1339da390cf9a5397eef0114f385549b0cc",
    "handoff-v3/invalid/schema-scenario-version-not-integer.json": "5992a38734d960ad44d67bafc28c8cf345fcbb5a6bff0b91255f36557e24247a",
    "handoff-v3/invalid/schema-tool-call-condition-empty.json": "57c3c58cf9bf06d2e111ffaabc2fa1459b7d1bd8946b9013bab04aa97a9e37ff",
    "handoff-v3/invalid/schema-tool-call-reason-not-bound.json": "30c093caf7b1563bc1e93d3f34c684bf4a81a4455e0abf3a9897e16b1a421af0",
    "handoff-v3/invalid/schema-tool-call-status-not-enumerated.json": "7a90d6ee5f3d4ce158b690355b258467e61c617b2f829544411bbd81835ffa55",
    "handoff-v3/invalid/schema-unknown-field.json": "9659a9f838e498b5aad619c489d0688a0b37cf2fca0a28edd68c7b03f5f17bb2",
    "handoff-v3/invalid/schema-unknown-not-text.json": "5a17a9025d93467972b5f461773a51316d70e22368fd23475a47d5ec176e2331",
    "handoff-v3/invalid/schema-unknown-version.json": "5704f73c356f113f3a29f0882cc584c1e8ffce26debb55853c94757a430d8b9d",
    "handoff-v3/valid/refund-bound.json": "e6093501367953ab859bf84c724d2578a86a3d1efa4990a90f2fba1f568d5055",
    "handoff-v4/invalid/schema-assessment-blank-reason.json": "986186a11f8081df31e1d9f72d34d3f735ae0db3688a3829ae72066cfa9b7bba",
    "handoff-v4/invalid/schema-assessment-disposition-not-enumerated.json": "7ed0bde78f854102865d30cca6a735beea91d878411950ed2a496b4cc2bdf3d8",
    "handoff-v4/invalid/schema-assessment-missing-reason.json": "9a7f74a843cbf9c6190baf35efbba0b76d8b07be15df5fe460212373c043d2e3",
    "handoff-v4/invalid/schema-assessment-not-object.json": "28b9f5646fb629119408ecb69207150abdf60645db5094673f4339c0dfdc9fe9",
    "handoff-v4/invalid/schema-assessment-supported-not-list.json": "48d30ce6b5c649dc81ffce991c6f1af0ceb3120d1091992b48faec111a445be0",
    "handoff-v4/invalid/schema-attack-tree-not-object.json": "b8cb95c66bbfb9d3369e71363e8ca8164c431dd8aa96e1ec90b8076e3d95849e",
    "handoff-v4/invalid/schema-blank-narrative.json": "736ace73312491d1fd210780ce8937cc54375206d814a3e3aa2e26e7a554db95",
    "handoff-v4/invalid/schema-bound-without-tool-call-condition.json": "a76d8596e314f583daa49657ed3450c4ed98a31acbcd3e3e5e8e7c00811ab7fa",
    "handoff-v4/invalid/schema-condition-not-object.json": "d49cbf7bda00fedbed56baeefceccfbd60776e444a1ca5e740dadfe0b33d0985",
    "handoff-v4/invalid/schema-criterion-analytical-with-operation.json": "ec433a9751c61d228e40174f8739307f00b0ef2ee268fa55142e26748c99964f",
    "handoff-v4/invalid/schema-criterion-blank-outcome.json": "61db83933940cf213e7bb9cae723816d8027091d6fb9ba1d3f64bb1694dc1620",
    "handoff-v4/invalid/schema-criterion-missing-reason.json": "bb9db8c0b59064c081c746e6b97829e3abf50b966dd7670f92d0929f0b431104",
    "handoff-v4/invalid/schema-criterion-observable-not-boolean.json": "a0294c009ec10c9755b9b782afd509e9610ed0395eaf88a975544e0100dbb448",
    "handoff-v4/invalid/schema-criterion-observable-without-claim.json": "808723db7cedecde7289db55b65414eb631fc76b69b8d1154e6ba7b1c91022a3",
    "handoff-v4/invalid/schema-criterion-unknown-field.json": "1526b68868c5610715b5da60a0091e189c86e4a1b553bd204a6ea2344a32a6ce",
    "handoff-v4/invalid/schema-deduplication-blank-scenario-id.json": "95f446e0587cc80b9f447fdf2884577857e0c001b75d08d79ae2da40957763c2",
    "handoff-v4/invalid/schema-deduplication-key-blank-operation.json": "acfb96ac9b4176f8cd5c3ffaabc3250485bffea3d532826f0c4d06ebc33979dd",
    "handoff-v4/invalid/schema-deduplication-key-claim-not-enumerated.json": "1c43d4a6e9b4ffdd47e06ecac959a38cfcd1a54f4d4d4b6c900490f084311ca6",
    "handoff-v4/invalid/schema-deduplication-key-missing-claim.json": "57a5ac6df34e89f5db58cc98734d81c98266ee9cf79a02d20f8acb492e92e011",
    "handoff-v4/invalid/schema-deduplication-key-not-object.json": "9de91f7da1566c7d788a455597216532f47e5a3bf78839c033a9ec207e675557",
    "handoff-v4/invalid/schema-deduplication-missing-key.json": "590d131295396b82077a8079c941ebea29a8861d76e6a589c7e9caf4f14738bf",
    "handoff-v4/invalid/schema-deduplication-not-object.json": "0c6deebd96910ec34c5afcbcc506cc28fcbb6f2a0d725c35e8a93c68ca0029e0",
    "handoff-v4/invalid/schema-deduplication-status-not-enumerated.json": "76915fb306f25917e06c190903d3072679d58b493af6b1878bf6e9ed34abefae",
    "handoff-v4/invalid/schema-deduplication-unknown-field.json": "4dcc73c6bdd5d6565fd12f1fe790684ef16851faf64cd5fa6432143e05891a58",
    "handoff-v4/invalid/schema-gherkin-given-not-list.json": "7f0a69f30704840825817e37d012ba1adbe9ce3570a567ecc7aa415aff129e4f",
    "handoff-v4/invalid/schema-gherkin-not-object.json": "8d8c282bd6448b9ea733ab076008521dad1ca11cfb1ee2bfa6b6127e1cabbc05",
    "handoff-v4/invalid/schema-gherkin-scenario-null.json": "8ffef5f9cc2fd6ac941657536a328f2620e994d8eca435676b75b389c53f0e75",
    "handoff-v4/invalid/schema-gherkin-unknown-field.json": "617bb3c1517964713cfee0793fc5d1e077433a412eb6fdd209b8bf9c1fc87a9c",
    "handoff-v4/invalid/schema-kind-not-enumerated.json": "86c6d4f482cda60f3a5ae0069d2b72da67657766fdd3337f2e82d7286b0e2cca",
    "handoff-v4/invalid/schema-lineage-detector-field.json": "5905f0792316a6104d5efed752c27e333cdcade902873fde6ae1036536f34aca",
    "handoff-v4/invalid/schema-lineage-not-object.json": "e9e7dee103a999008099b2072f10faf4ff9801dd3d4fef1c41c7cba0f4434684",
    "handoff-v4/invalid/schema-missing-narrative.json": "dc91c82d4255f37c1c46d5efdb95bc34af347a31734709fa53b2e2116c73c932",
    "handoff-v4/invalid/schema-missing-tool-call-status.json": "bd19ed54a4cbe2e0a192ff7d65d98f354496fe898b5e00c2cbeabc7bd34f4133",
    "handoff-v4/invalid/schema-not-executable-with-tool-call-condition.json": "0bb7adaad146fe435539a459f8db9143fa29cb193cdb8c5ce09c95b48df611ad",
    "handoff-v4/invalid/schema-observation-criteria-empty.json": "ab7b6ff5f1e55fc891c88972e2aaf60ca56427786977281291be59f0baf4e5a8",
    "handoff-v4/invalid/schema-observation-criterion-not-object.json": "dad17ab3b9ef31c0f9dbf41302f4149d7a8a7259256209270d9b8e88d4842f78",
    "handoff-v4/invalid/schema-observation-missing-criteria.json": "83c26da87804a85a121ac22015088f6ae670f13321305fd991ee1ca09811e0fa",
    "handoff-v4/invalid/schema-observation-not-object.json": "ef7c49d000966902b3e35adaacf62df0c8c478b751d9b99d311a6e6cff3893bc",
    "handoff-v4/invalid/schema-observation-unknown-field.json": "5947ac1e4228a53078dfbb995d638dfb9975bd6ff7995fd72a47a973d8fa461f",
    "handoff-v4/invalid/schema-safe-alternative-not-text.json": "0e83027347ce023c9d9757cbd92dc79f6413b742ac462ab68c935bd9cb4e71e2",
    "handoff-v4/invalid/schema-safe-outcome-analytical-with-refs.json": "6618ef24c0df0b45088c44dfc72530e125bf673e759ddf0459bd1c70a7fbe6ef",
    "handoff-v4/invalid/schema-safe-outcome-blank-statement.json": "23b9fe38ba1f0fed505b86083fc665dbf131ee8f0c2d7c805776c1fee377c655",
    "handoff-v4/invalid/schema-safe-outcome-empty.json": "35d4b6db4384a124c8b04157e2bd0796b90b489b04b913b177b9c04aa6653cb3",
    "handoff-v4/invalid/schema-safe-outcome-not-object.json": "d6298f7fba4d6f90d9efc9d32ab827c2a6d3c198e6e0aa5d31959487ec52e1b4",
    "handoff-v4/invalid/schema-safe-outcome-unknown-field.json": "270d7bcdf533befc24725a8d24fbb2c618956f0058380f436e5fe41aa53652c3",
    "handoff-v4/invalid/schema-scenario-version-not-integer.json": "f2a2f8183cd9d9166f65f2ed4fb386cb63964aee72086964181f0ee43a07f3a0",
    "handoff-v4/invalid/schema-tool-call-condition-empty.json": "3edd2ebcea433891517c02d24b9b8d48f8a4ac120e4471dd5bd65de6f29329d0",
    "handoff-v4/invalid/schema-tool-call-reason-not-bound.json": "cd8f632b29ff490acd1d5f3f86b4e669ccb85e8df5e7b7adefac71935b49489d",
    "handoff-v4/invalid/schema-tool-call-status-not-enumerated.json": "30e3a6ad11f91ed4e9e2ac00e2f811a29da5b78f15d4a14c4550ed05f50f7b13",
    "handoff-v4/invalid/schema-unknown-field.json": "a3c48fb087b2c15676ce6f5c3669e65b3ed9c4b88a3fe8e11d5e31a5697ec281",
    "handoff-v4/invalid/schema-unknown-not-text.json": "8171c5c74174819219619954f3b2b7f9e73648db593832c389381e737a7022d3",
    "handoff-v4/invalid/schema-unknown-version.json": "d6e5af2df6f8eee77ebbf1778d49224880127a82abb105352fd1eb1d49a9b283",
    "handoff-v3/invalid/schema-stimulus-turn-field-top-level.json": "03f5a9f817cffe8f2405c7732cc6d43d8c1880c8dcf8d5de926fe798e9ab95b9",
    "handoff-v4/invalid/schema-stimulus-turn-field-top-level.json": "537e8d29ee80c9d0b1bfce283a8b60bcb17269d0755039a843d1c5460fe92586",
    "ownership-rules.json": "d1c57c1298fc4eacf098508cf8294b95366a36041719bd4ebf906fb7f9e4742d",
    "handoff-v4/invalid/schema-deduplication-key-constraint-id-blank.json": "f03278a677a104793216af77cd1ccb7c616ed6731c6e51c6f8951ef0e34bdd38",
    "handoff-v4/invalid/schema-deduplication-key-constraint-ids-not-list.json": "511dde3d1bbd2c5238c4faa179c7439e71c8e8ff7a44c51e64c87f72d6e671f9"
  },
  "handoff_schema_version": "scenario-handoff-v1",
  "handoff_schema_versions": [
    "scenario-handoff-v1",
    "scenario-handoff-v2",
    "scenario-handoff-v3",
    "scenario-handoff-v4"
  ],
  "metadata_fields": [
    "schema_version",
    "scenario_id",
    "scenario_version",
    "kind",
    "hypothesis_framing",
    "semantic_failure_criterion",
    "safe_alternative",
    "safe_observable_outcome",
    "deduplication",
    "governing_rules",
    "lineage",
    "documented_operations",
    "sourced_facts",
    "assumptions_and_unknowns",
    "content_digest",
    "observation",
    "discriminating_condition",
    "condition_check",
    "condition_omitted_reason",
    "tool_call_condition_status",
    "tool_call_condition",
    "attack_shape"
  ],
  "representations": [
    "narrative",
    "attack_tree",
    "gherkin"
  ]
}
