{
  "authority": "asago-scenario-generator",
  "contract": "scenario-handoff",
  "digest_domain": "scenario-handoff-v1",
  "digest_domains": {
    "scenario-handoff-v1": "scenario-handoff-v1",
    "scenario-handoff-v2": "scenario-handoff-v2",
    "scenario-handoff-v3": "scenario-handoff-v3",
    "scenario-handoff-v4": "scenario-handoff-v4"
  },
  "files": {
    "handoff-v1/canonical-digests.json": "b1c4419876214ac94e06ccecd27f8f5f292000da3fe97cd8b243c53afdcd424c",
    "handoff-v1/expected-violations.json": "068251ba93f8a668341d8b7ef59308237c90dd0e87605b29dc19584aee970347",
    "handoff-v1/invalid/prepared-message-field.json": "23043a550b6ebf5d16e51ffc2fdb0c17996c23efa0f371d0adfe377f76159101",
    "handoff-v1/invalid/role-turn-array.json": "abbe9e4c75fa12fe5e594773f6ec034152f6cb3cffc40ecd22c4001f83394efe",
    "handoff-v1/invalid/smuggled-prose.json": "7dbf7e18d7a8c5132304456284cb5be9db0d4f53bf776772d458389c4673f954",
    "handoff-v1/invalid/stimulus-turn-field.json": "3b0835f9c66c4f508ffa63ace5c8bbdde9fac06a5058fcf6a5cd4dd743f884a3",
    "handoff-v1/schema.json": "67a4cc77c59408e6d661044e8c23eca49f2863bb2768da9b6f144c5013abbbfc",
    "handoff-v1/valid/adversarial-refund.json": "43814d1e54466247fafa3d0a1a2364247922fb92dca53c660c4219538a0aa914",
    "handoff-v1/valid/functional-no-attacker.json": "214091e2cdba952a065e89007364483427af1ad02ca263893af1d8d6b819782f",
    "handoff-v1/valid/functional-no-attacker-v2.json": "0d8600c4143fd012a7b8f54f044190d4e1de9e8775dd6279b27df52aa4a839f7",
    "handoff-v2/canonical-digests.json": "a8a4786a77aabbfb631aa312b0d7275715490b35893d98beec959fddf8c14a21",
    "handoff-v2/expected-violations.json": "c5ce0ed1e455513edf6d7e75944698aac9f44bafd1a61977b0ed81baa06e8dc3",
    "handoff-v2/invalid/observed-selection-without-record-path.json": "08ee1b79256a717b64bb5a0280046db1c220fde3b807969de8d6d40f9652c6fc",
    "handoff-v2/invalid/unknown-operand-source.json": "a5c17d20f5bb882b71d4f0a162356d7a4203e6fb838eee74171417977bc670eb",
    "handoff-v2/schema.json": "705de6751fc2b799e4d7d7527d7dcb129e86f5355331f102fb692db878458d49",
    "handoff-v2/valid/adversarial-observed-record.json": "d3a4c28f8431232b6771aae9bf00b4d039e8c22dde999435b625e17c9b7e5eed",
    "handoff-v2/valid/analytical-only.json": "d4df036661951529924c60dfa9009281324b86d5e54f2c35acc3c37301600579",
    "handoff-v2/valid/functional-record-unavailable.json": "de566df8067efef80b7301f2037264ed860ddbe648e3c73326a0131c0cd99dd9",
    "handoff-v2/valid/adversarial-condition-omitted.json": "980e7ec876997c1eed149fee362bd5d524d1dc3397ca0024bd0703e8f6b2fd20",
    "handoff-v2/valid/functional-not-called.json": "b9923321da8643cb8dddd00ceb9864944214cbc1c16420e4cb256aa0c9488743",
    "handoff-v3/canonical-digests.json": "c472b905aa6eed8627e1afdf0c94a100b9b214597d011b23de44e22e34faa503",
    "handoff-v3/expected-violations.json": "d850fd5e42933164bdbef43e89c0828e2447047ba4db2a9f81504d29ec6f6201",
    "handoff-v3/invalid/bound-without-condition.json": "d2995a2fdc1e97e2d793821e4d7c07e32817679026fd2c02ee6fc09b176207e2",
    "handoff-v3/invalid/fact-operand-in-condition.json": "9d642def3741221e91676b90bbea35eef7308176d4ff6d0c0b7e32f0cc58a003",
    "handoff-v3/schema.json": "c6fd2083ff70bf0810be58e395385d39a2ad06c3bb40c5fde998c8375b92fb2c",
    "handoff-v3/valid/adversarial-condition-omitted.json": "5134b1ca4db4d73c8b51dc4548e6b0f7571e9afd54809c22340b577b01ca3bb9",
    "handoff-v3/valid/adversarial-observed-record.json": "daff74e22be44244e79c47c0a88c24d8965f119f735fb7dbfe6578368b32dbb2",
    "handoff-v3/valid/analytical-only.json": "0bc8ced30c9f7377f89eed2b153d92bb35503831a05e53983768b04394ca7a15",
    "handoff-v3/valid/functional-not-called.json": "89524cb5185fd7a27920b0b45a5a0ab61c0c8f44eb8d53d76891762b01b90ae7",
    "handoff-v3/valid/functional-record-unavailable.json": "070cfdf9916fb20ad94141c86aa3e1289e6eaabe240e8657dea351bd7009dd4e",
    "handoff-v4/canonical-digests.json": "22a7246c37e07d5172af9b6928a3fa29d09dde791ad180a28df454cef76c80e8",
    "handoff-v4/expected-violations.json": "85ca51c65b2c982b32a8e2c8004df149a925674f473302907173eb8fe41ceb2f",
    "handoff-v4/invalid/narrative-role-serialization.json": "450f6632f90fa24316ae3a1889b4cc87d0c92c0bd2e3b6ede402260519211ee6",
    "handoff-v4/invalid/narrative-turn-array.json": "f5fc8b9a750377ee6fbddc186125290abfcd23b3fe0ff354032909203c5f3c09",
    "handoff-v4/invalid/shape-adversarial-null.json": "9c5fe7b8197a206d45b54e45ab584b500e71c38373a64704362bef084494e0b0",
    "handoff-v4/invalid/shape-carrier-with-prose.json": "7fbccbb809547fc70fbad7e455693b60b764454e3693b2baaa5e579412bd91e5",
    "handoff-v4/invalid/shape-delivery-key.json": "c1bc8d63d129cbbe3975eba73c9dcf534361ba7c312bebe5a98b72354702fe4c",
    "handoff-v4/invalid/shape-direct-with-benign-speaker.json": "d223761e0dbcc5c597f7244cc2760ade04a5ede350ae5f70fa51c8c0a47b822b",
    "handoff-v4/invalid/shape-direct-with-indirect-block.json": "c39b11573fadb4e435db0632938402ef2bcca70c42e6ce7caa3d1ee0ef3eb297",
    "handoff-v4/invalid/shape-downgrade-without-default.json": "046d038d38580a5ad271a2d73a975512365ebcd740be05e631840ad8efcbd8fa",
    "handoff-v4/invalid/shape-forged-last-not-attacker.json": "661c9d3e0fb18730f5d7f692398c5a56cebb6653f072c20ba22d41c6f3808580",
    "handoff-v4/invalid/shape-forged-speaker-on-direct.json": "42d0daf3cc71146b450a36965424140ba2956c0ae0ea54db96170ed33610448c",
    "handoff-v4/invalid/shape-forged-without-label.json": "9dda84bef2d2d781519a1b16b65a5e7f5e97f0046023a21caf3d9337af5c68db",
    "handoff-v4/invalid/shape-functional-with-shape.json": "599ca4ef83feaeabfc6dc74043d903b3a4bf9e758fe1b90f9f6fdfa649c97c53",
    "handoff-v4/invalid/shape-indirect-attacker-speaker.json": "4dc4928900f64a63284d91682e19bb3e92ba9e3c36cad324bb9ef52ebfc51d0d",
    "handoff-v4/invalid/shape-indirect-no-read-turn.json": "45e5e48cfd9be233d5d571736a3bd346d3fdf52df24bc7269ed2deb1d9420ae5",
    "handoff-v4/invalid/shape-indirect-without-block.json": "4b637c30c4efa6e22df883a8692a54589aab973384ffa66ad0860137e01d3fca",
    "handoff-v4/invalid/shape-missing.json": "efdd94016b8921ee4d188efc0d296109966593423b4003478654ab66f16c8ee1",
    "handoff-v4/invalid/shape-plan-length-mismatch.json": "de425f13e9b681795cec0a69f78c2c6c2deab6ad2244777bb2e369a4bf162abd",
    "handoff-v4/invalid/shape-positions-not-sequential.json": "aa455a70b3e701111e0a1e16366f5c086133f794dd4b2c032b34ff7f1c042e8f",
    "handoff-v4/invalid/shape-purpose-free-text.json": "48e25e549db7eff783fd7866c3ebd0db6a097e34711b2cefd816555e572fa319",
    "handoff-v4/invalid/shape-purpose-speaker-mismatch.json": "292c13baab277e47f976b124c044297c500e4b697a43fe8937894f5a8a1db16b",
    "handoff-v4/invalid/shape-record-ref-with-prose.json": "e375162fca46b3302541bf319f7f603ebc5734c35cc04146f56179d5b135eb41",
    "handoff-v4/invalid/shape-turn-count-five.json": "12ef79313df565b941e21ecc1fd64b42f8e4f05586ed271f8e250179b101b3fc",
    "handoff-v4/invalid/shape-turn-count-zero.json": "21bf2d5e4999edea71a81494616a73ef9d55d9f85afac4aa83167a24ac02eb7b",
    "handoff-v4/invalid/shape-turn-role-key.json": "3178a7ca0fb8033a980e91072e11d623ae9575c6ee578cb50a45719613de3104",
    "handoff-v4/invalid/shape-turn-text-field.json": "1554bc48c73f316e0c5956a1598fd7f653c2be553c19c16bf2ae5a2204b1e1c3",
    "handoff-v4/invalid/shape-turns-array-key.json": "69dd9e691df2c0ccd2d37e52bd6f19436663151e92b9540804f97a72069bd134",
    "handoff-v4/schema.json": "a8d6f571fcef267e7b2db701a5efca3f643789675217af7cf6e40dbfbb72ac26",
    "handoff-v4/valid/adversarial-condition-omitted.json": "5df03a6ad7ea66ce6f96395cc294df01492b77f69a72e4eae57b10de077874ad",
    "handoff-v4/valid/adversarial-direct-multi-turn.json": "6a428bdda95158ab4e456be8a27cf4428a8079ff5736a9679e689c74b577bae8",
    "handoff-v4/valid/adversarial-direct-single.json": "ab0b3c43576a89fa256f416e39f00110b544132e4a8c7affbee0123ef559782e",
    "handoff-v4/valid/adversarial-downgraded.json": "958dbfb4f559c33338ae3e05424b44f5a1c456d0b11488938416084d714a3fc1",
    "handoff-v4/valid/adversarial-forged-transcript.json": "c560c20ceacc6ae27d3e107ec12f03f04a50a2dad5bb897f472f784f9cf6468b",
    "handoff-v4/valid/adversarial-indirect-listing.json": "484036364972db4b717b4007ed04173a8498f1496d5f97700adeefe4c3d8f3a6",
    "handoff-v4/valid/adversarial-indirect-policy-operator.json": "a66dc2b32eb601719c960ef953c344e5492a2d0bd76b6e441a5644632a0633aa",
    "handoff-v4/valid/adversarial-observed-record.json": "1ae6e4ff4165002e2bcfcc66464ba80cbd583701d1794a037b736d67bdb3323a",
    "handoff-v4/valid/analytical-only.json": "91fa2cfb25989db8b3fbaf4c2c75c2c947c214fc4cb57de21cb60b0d782e9350",
    "handoff-v4/valid/functional-not-called.json": "93cf0cf6ca6c392c983d3d0240c7998c6ab5f0c149c83c67d69f423572f62467",
    "handoff-v4/valid/functional-null-shape.json": "78995f3b5c067e4eb79ceb27e5348f353f0e9a06330fa911a64b61c33da7bf88",
    "handoff-v4/valid/functional-record-unavailable.json": "07c8308a62f25df9ba51842c1e38bb712600175539462158cbb9b033eae48bcb",
    "handoff-v3/invalid/narrative-role-serialization.json": "f5e48260659f99b3991d9d3005bcf7121d7341cf6afc0089dcc958b07ff06fef",
    "handoff-v3/invalid/narrative-turn-array.json": "ad8f7dc8fe892f4915899ce0188ccc2d3a6b4df7e1106a4f434f4de5b7a6ae9b",
    "handoff-v3/invalid/ownership-deliver-this-message.json": "141ea1f9b63c5ca67db48b7bcd56e514c1426566e63d33c31f9f090bd705d0c2",
    "handoff-v3/invalid/ownership-dotted-key.json": "820b0b74c4cee6066e338bbf273c97faf62e7bc64a4236e0eff94415c92d8129",
    "handoff-v3/invalid/ownership-judge-prompt.json": "c04647037cf5f0a5da19400b754fc63937cf685517fdbd2293dc79b0055f460d",
    "handoff-v3/invalid/ownership-key-name-pattern.json": "4b886244e56d4cc2a2482131b5889c82f7b2734175502fb0758191fac49bc531",
    "handoff-v3/invalid/ownership-oracle-basis-key.json": "10c217cbd0403c51e69291ea2952cacded8811025a7502e8f8eb7a677aceb580",
    "handoff-v3/invalid/ownership-oracle-kind-key.json": "a9c5dccaa6b906cbdc5734437a168cbcc9b7e44331f7b482ff3135392b776bcf",
    "handoff-v3/invalid/ownership-oracle-observes-key.json": "ab4665abd795e7a097c0098ee5b3af77ad4751a9e58198cb0e3571aa762d9ec4",
    "handoff-v3/invalid/ownership-system-prompt-is.json": "cfc914794ea7c4acfa432de5a48300b1cc5d4ea770044cdccc9990bf05bc550f",
    "handoff-v3/invalid/prepared-message-field.json": "55216774d5912feb75847ffae7a65ff796d09cb3b9ed6ab73cb18d3a1e8301d8",
    "handoff-v3/invalid/role-turn-array.json": "2cb7781c37d4ac1a0b516ac269971e52144ac2ff927787051fcaeb4b1450cb83",
    "handoff-v3/invalid/smuggled-prose.json": "e1af908a0540b458300fb0f4e0837d47f6bfe645aab1dfb1fdc51a0b9e32f48e",
    "handoff-v3/invalid/stimulus-turn-field.json": "dbecd7aae4802e4b10325bebee0b01e51b47353a690bf5912e36af3eaa269da8",
    "handoff-v4/invalid/ownership-deliver-this-message.json": "f8a8cc248a1512b20b9f71fdee8589fe7e879ac0c361340328111d1029dc82a9",
    "handoff-v4/invalid/ownership-dotted-key.json": "bb0091523e3da768db467e9d510bea036540d1dedacbef1329e3d956a2bfc4ab",
    "handoff-v4/invalid/ownership-judge-prompt.json": "d27a774d7cd863467c73822e3c6a565949158ca8d9881d300366376feaf56803",
    "handoff-v4/invalid/ownership-key-name-pattern.json": "d88de0b83d026c80eb1fc8b32a23f37ca11a92b639b782d3ecd8aa69a6de6c2b",
    "handoff-v4/invalid/ownership-oracle-basis-key.json": "d2aa0818ecc19e0c8d4fdf4d40609de4ba90cb5465b64f90bbdf23eb26015c64",
    "handoff-v4/invalid/ownership-oracle-kind-key.json": "9e86485b2576f4b24178d00f0e286e453322fc8083eec75b6af9cbe0efcc054b",
    "handoff-v4/invalid/ownership-oracle-observes-key.json": "798faf2c4be159d8afc86432353716e919ba9802d66aea7ebe0d334d119360ab",
    "handoff-v4/invalid/ownership-system-prompt-is.json": "bd63e131294846fa072220febbf1d25d3cf2c4f34d69c50b615c12760c6ad9c7",
    "handoff-v4/invalid/prepared-message-field.json": "e83ad68d697188da34cc8424ed4035a88f6f7cbe0c65a33127359ae682ac9f1b",
    "handoff-v4/invalid/role-turn-array.json": "c95de1a962b68259f11ac7f7fd9e6deea36b9c4e567b3ee6630009fae7b11dee",
    "handoff-v4/invalid/smuggled-prose.json": "dddaf9b52d2f4a9805cf8daa8dd9a31b9e3ccd34a1fc7d43a45dca341c2e286f",
    "handoff-v4/invalid/stimulus-turn-field.json": "63986c594677c6f059243d2e7ca67889180f3591a87e164292b08cc463b22c50",
    "handoff-v3/invalid/schema-assessment-blank-reason.json": "851a25751e6e3f2e08c140a528f593b687d201f9b398165ffa2a6ff60d4a3ca6",
    "handoff-v3/invalid/schema-assessment-disposition-not-enumerated.json": "7989f02768abde65b986cc4f28af4b4b32fb1911162970d6c77790e361a78940",
    "handoff-v3/invalid/schema-assessment-missing-reason.json": "8e02f3210cc4523b531f1087c11be70c7b50e5d193958685ab3fdb3b45afed27",
    "handoff-v3/invalid/schema-assessment-not-object.json": "027129b38e1e4b6ffc715104668b34c397e43631477b60eb6d9b1d9c032d2b3f",
    "handoff-v3/invalid/schema-assessment-supported-not-list.json": "aa0d282dcee17a509c0f9405810a90063743c454bbef6c6f204212c0791b4eb7",
    "handoff-v3/invalid/schema-attack-tree-not-object.json": "727de6304411f05f266ce6f7081d707eeee387e506dc2283d088c09fb3da08d6",
    "handoff-v3/invalid/schema-blank-narrative.json": "36ec47bcae90f25e5ffe65ec94d0998cf2a212ea84eb00b74fb0baf9e9474790",
    "handoff-v3/invalid/schema-bound-without-tool-call-condition.json": "f5048e05d1ef6ddd8836a182081e2afedacd6e2a53f97bf4f843d56ad1b81bf9",
    "handoff-v3/invalid/schema-condition-not-object.json": "6d684c596a0f891cab329f3a410415701492b56cda07a56986239b57ce3f18b6",
    "handoff-v3/invalid/schema-criterion-analytical-with-operation.json": "0751f210f41f0b21dd4f6c0c83b946507dc4504ebcf129390212b43d323a914b",
    "handoff-v3/invalid/schema-criterion-blank-outcome.json": "356ac51dc4a5a1f00b0dd4070ca01562a79acdff4b50936c63eb976542097841",
    "handoff-v3/invalid/schema-criterion-missing-reason.json": "5f58dd60cda0f199f23b938f4a2a6958ab20b1a63712c05d75ddb7cbc5ceb82f",
    "handoff-v3/invalid/schema-criterion-observable-not-boolean.json": "58331ae3f6ef9aa3b34fe69819996e0b9ce2e713add7616e771be067537f531d",
    "handoff-v3/invalid/schema-criterion-observable-without-claim.json": "2a3059a87893e07a940cdeda004c99d75e49650da9bf1f3e2b957bedabb52c2a",
    "handoff-v3/invalid/schema-criterion-unknown-field.json": "39950354a85ea252608331877b3dc1ab964bfe674bc7cf39df9d4d4a7a2d3ca5",
    "handoff-v3/invalid/schema-deduplication-blank-scenario-id.json": "2ef3866cc586cf3fbc6c5a35ca1ffd729ef44aacf2fd0c3ce17041c13501e26f",
    "handoff-v3/invalid/schema-deduplication-key-blank-operation.json": "56dbf29e5cd2923a6fce520e54c13841bb993998c5a208c87664bd8635ad08a3",
    "handoff-v3/invalid/schema-deduplication-key-claim-not-enumerated.json": "b0f441006090a6b504ad4aee32001e43f18d7777719c2cb3215d9b6ea9b85a95",
    "handoff-v3/invalid/schema-deduplication-key-missing-claim.json": "758d16d2765df5d3f58647c58069430786bc26fe4fa2af53f60beab15beb3f09",
    "handoff-v3/invalid/schema-deduplication-key-not-object.json": "364b549978b952f59fc72e2a1630b0d74ec2f182b5d437ccb3b70b3c3b303230",
    "handoff-v3/invalid/schema-deduplication-missing-key.json": "ff38d755f4b99abb9bbf3c439a9e41fd5e2d5b1356ba5333893771ee0c43a228",
    "handoff-v3/invalid/schema-deduplication-not-object.json": "999c1ab9a5f43bb560d20e5aa1c7e18d71aaab8f96e423fe6c364055e908c0ae",
    "handoff-v3/invalid/schema-deduplication-status-not-enumerated.json": "bf9ec297b7db831e6b85d1680eaa05d02395bb986da31d791414c90de87a348b",
    "handoff-v3/invalid/schema-deduplication-unknown-field.json": "52d9db7aa4962e14f35749ec9f8b5ce8b7cfcdb10e831d626bff4b86b1565a57",
    "handoff-v3/invalid/schema-gherkin-given-not-list.json": "f99d9673212ea4fb12d43431dc4be8e4c9eef5f1542d0e5a4e4e7b961ea237df",
    "handoff-v3/invalid/schema-gherkin-not-object.json": "c18986078c526ae497ab6b0ed33db5dea08aaba459655760f9695efcffd069cf",
    "handoff-v3/invalid/schema-gherkin-scenario-null.json": "4e1217d771443349f7036c10b4ac47cbb300fbac679440f466fefce724e8274c",
    "handoff-v3/invalid/schema-gherkin-unknown-field.json": "9fe7ac60ea8a14d660f7369722c5e1a8339af8856d29e6d0b3b0f6ac8e4cf4ed",
    "handoff-v3/invalid/schema-kind-not-enumerated.json": "9490179cfe55ffeed9c3d073f2fbf34b5d1bfcc0c9a8a28a32069aa88a595faa",
    "handoff-v3/invalid/schema-lineage-detector-field.json": "17986e7be73067c63474eda48cd38a6fab3d6106e5d05804b2a6d9b479f267fe",
    "handoff-v3/invalid/schema-lineage-not-object.json": "6dd37555720fcaafe49a5ff0bd0e02b6f0e1821ea85a6e4bd783f61b54676dc1",
    "handoff-v3/invalid/schema-missing-narrative.json": "4a16078a2ea45db5613af8ed31fad8ca446b7cbbc80dffadfd743aa3d28f919d",
    "handoff-v3/invalid/schema-missing-tool-call-status.json": "0c534694075c4e87c14d2f75b4d2ab5a57eab646e47943a59520d23a0e439735",
    "handoff-v3/invalid/schema-not-executable-with-tool-call-condition.json": "3562d09b63b715afb6ca1c2cb7af1b1a242293d522422c75e01b8477506161ca",
    "handoff-v3/invalid/schema-observation-criteria-empty.json": "c695544491fcde29b043d324c1f162d9749797f0e5a49b30d3f05b70c1c36cf3",
    "handoff-v3/invalid/schema-observation-criterion-not-object.json": "78d6166f341feb70fda24cfff65b1e25cbb513e151a89683855cdd9d402f5e71",
    "handoff-v3/invalid/schema-observation-missing-criteria.json": "768f7a394d38b982387b8bac16b6dda89c689b9153c943c559ec268b7bd12212",
    "handoff-v3/invalid/schema-observation-not-object.json": "b801c4e218ba599db72d325fdaeadec214ba5b97cced3afbbec04a6006425672",
    "handoff-v3/invalid/schema-observation-unknown-field.json": "c9a1aa3ee0c877aaad7e8959223eb4473543ca4ef81e5202b57129cfb19685ea",
    "handoff-v3/invalid/schema-safe-alternative-not-text.json": "9acc8c0b95f6ade999f5d29a4140079ac81946aff071c5640546c2e27fbf0827",
    "handoff-v3/invalid/schema-safe-outcome-analytical-with-refs.json": "e0b6093a0d02129e50aa6d2190506d1282d3ebc2c79dc049e8a617767b942471",
    "handoff-v3/invalid/schema-safe-outcome-blank-statement.json": "22f5100bce42fe3708eaa04f1193a8b565add0b6e44ba548fc515e0ecb649f40",
    "handoff-v3/invalid/schema-safe-outcome-empty.json": "414c6ebe8502cb045015b328ad4fafec92b54bfead92d3a6ca67f950c2fc2a50",
    "handoff-v3/invalid/schema-safe-outcome-not-object.json": "6e509ceb8ad16b69c1c1ea604304e7d01593689b7ca456080240591a8b2abfbd",
    "handoff-v3/invalid/schema-safe-outcome-unknown-field.json": "a4a8f5ec238d7357f6ac9a27364fd1339da390cf9a5397eef0114f385549b0cc",
    "handoff-v3/invalid/schema-scenario-version-not-integer.json": "5992a38734d960ad44d67bafc28c8cf345fcbb5a6bff0b91255f36557e24247a",
    "handoff-v3/invalid/schema-tool-call-condition-empty.json": "57c3c58cf9bf06d2e111ffaabc2fa1459b7d1bd8946b9013bab04aa97a9e37ff",
    "handoff-v3/invalid/schema-tool-call-reason-not-bound.json": "30c093caf7b1563bc1e93d3f34c684bf4a81a4455e0abf3a9897e16b1a421af0",
    "handoff-v3/invalid/schema-tool-call-status-not-enumerated.json": "7a90d6ee5f3d4ce158b690355b258467e61c617b2f829544411bbd81835ffa55",
    "handoff-v3/invalid/schema-unknown-field.json": "9659a9f838e498b5aad619c489d0688a0b37cf2fca0a28edd68c7b03f5f17bb2",
    "handoff-v3/invalid/schema-unknown-not-text.json": "5a17a9025d93467972b5f461773a51316d70e22368fd23475a47d5ec176e2331",
    "handoff-v3/invalid/schema-unknown-version.json": "5704f73c356f113f3a29f0882cc584c1e8ffce26debb55853c94757a430d8b9d",
    "handoff-v3/valid/refund-bound.json": "e6093501367953ab859bf84c724d2578a86a3d1efa4990a90f2fba1f568d5055",
    "handoff-v4/invalid/schema-assessment-blank-reason.json": "1c0cf736f045fdbff8461095f1bc66822659019af98ce4ee9e235d11e86914dc",
    "handoff-v4/invalid/schema-assessment-disposition-not-enumerated.json": "8673b2a3c42162f781fc82643d5bf07e38c6c601f4426f63f5551e4d6ce80bcf",
    "handoff-v4/invalid/schema-assessment-missing-reason.json": "361d263a47256a9c963a08ae6130c269072227106b0f018845466d73373015b6",
    "handoff-v4/invalid/schema-assessment-not-object.json": "faedc940d4b05633708966fbbcee4dcd241608b13c107d8f1cfb291d89aedc46",
    "handoff-v4/invalid/schema-assessment-supported-not-list.json": "e8b8411f7c7ba6773e8c09bbd5a19c8b16d11da597bf0989d5033e9a50e2f78f",
    "handoff-v4/invalid/schema-attack-tree-not-object.json": "43aa8a221186535b18fe8d72145295db0792f32bb212f0e9c7fab68ce09922ad",
    "handoff-v4/invalid/schema-blank-narrative.json": "24555fed1fa8e2c7fe8083ed7ac93e24f074ff9048cbdd9403825e369e592df7",
    "handoff-v4/invalid/schema-bound-without-tool-call-condition.json": "3c4e10121e98cf9914c50ec02f5ddf41ca156ad5c723c16c13f63880f65d2f8d",
    "handoff-v4/invalid/schema-condition-not-object.json": "185a4ff8fd84e39169957cf164d1e9751182db4128c7e90a66db86e9b5dd954c",
    "handoff-v4/invalid/schema-criterion-analytical-with-operation.json": "48381808b9eebd63018301437962fc2629a4b0e784ddaff4209ae8e7189b311c",
    "handoff-v4/invalid/schema-criterion-blank-outcome.json": "ec450cb7321bc3038ef4242935554b648f7915d1f684ca469ea256b0f2868dda",
    "handoff-v4/invalid/schema-criterion-missing-reason.json": "0369cc4375c37fcba54a545f20258e87ff8799ab9af65455761df9551936a175",
    "handoff-v4/invalid/schema-criterion-observable-not-boolean.json": "1f0f493c3a60cf826a6d520c936af9109df3e529d9b831af6020071f343a8bd0",
    "handoff-v4/invalid/schema-criterion-observable-without-claim.json": "3f632b101635451317dd1b16858bc0b12f9064ffff297addc9a92f2d78931c26",
    "handoff-v4/invalid/schema-criterion-unknown-field.json": "0a97aa07d60a30f11deba5bdac789cd7fc101e5135f1a5354aa4467dd5bcdccf",
    "handoff-v4/invalid/schema-deduplication-blank-scenario-id.json": "146d35326fa82256f0988b20674c0e58c238a693e4f061c6508a9dc09bf5dc88",
    "handoff-v4/invalid/schema-deduplication-key-blank-operation.json": "74173636763eef7d9a89942b3dd260c33fec482f6df6527ba36f31454fbb343b",
    "handoff-v4/invalid/schema-deduplication-key-claim-not-enumerated.json": "9a9eba69012365708f2c9c6a59e99eda4084397e1e267de68f0265ff696f99b9",
    "handoff-v4/invalid/schema-deduplication-key-missing-claim.json": "bf97079c0dbd5f01973397c4782d847be8aa46cfde8ced60ca2a9ca642ea7219",
    "handoff-v4/invalid/schema-deduplication-key-not-object.json": "9de91f7da1566c7d788a455597216532f47e5a3bf78839c033a9ec207e675557",
    "handoff-v4/invalid/schema-deduplication-missing-key.json": "590d131295396b82077a8079c941ebea29a8861d76e6a589c7e9caf4f14738bf",
    "handoff-v4/invalid/schema-deduplication-not-object.json": "0c6deebd96910ec34c5afcbcc506cc28fcbb6f2a0d725c35e8a93c68ca0029e0",
    "handoff-v4/invalid/schema-deduplication-status-not-enumerated.json": "d18c1cc83487b2ba696f5487baf44ad2be84315219c17d5efca19cae51f1fc2e",
    "handoff-v4/invalid/schema-deduplication-unknown-field.json": "ba3f731c283cec21cd978a4dd6f428e8dc9609136fafee34ba7e3c357921e712",
    "handoff-v4/invalid/schema-gherkin-given-not-list.json": "ea9ffe1362aecbb6a4c122b0fe72848cdf639466b287667191df9032c0db04ac",
    "handoff-v4/invalid/schema-gherkin-not-object.json": "bf64b2cb5d898e97a0d6a66b8799414b5bdc20993bbe4717ac872470a8ffbb87",
    "handoff-v4/invalid/schema-gherkin-scenario-null.json": "e467fb224da2a4696d936451035fd87e2aeee1fcc187273d953216da5d955c5c",
    "handoff-v4/invalid/schema-gherkin-unknown-field.json": "393a5144e6637102b8ac583ba3915885baa7e4582c8fdb8a21cb4239e09c63b8",
    "handoff-v4/invalid/schema-kind-not-enumerated.json": "fab0628c05e86fae492cd7ada78336dc12b3d827cce426909648d4b5503b395f",
    "handoff-v4/invalid/schema-lineage-detector-field.json": "394feabddb26c7a7ef4811a1ab136fbabe08b0c62786bacfe976396d6cdaf262",
    "handoff-v4/invalid/schema-lineage-not-object.json": "f341f2ec3c73723aad33d76b9b99f165148c8df28422dd07abcbedb5230ec20e",
    "handoff-v4/invalid/schema-missing-narrative.json": "e415f7774180978152504e7e5fdfef9c36dedb717b1005a3e02bce853660dac5",
    "handoff-v4/invalid/schema-missing-tool-call-status.json": "096f2308499890ddb49c8c6b9848995a1fa66363eadd7dddef5b6a3bf91dd898",
    "handoff-v4/invalid/schema-not-executable-with-tool-call-condition.json": "9690d20d6247930fe38930ec27b2d0b6d0bde1098c94b17d631aca20537e5554",
    "handoff-v4/invalid/schema-observation-criteria-empty.json": "ed570ac1c65856d9c823ee2c5d5e7f72d0ec5fba71df24199b52484f8c140878",
    "handoff-v4/invalid/schema-observation-criterion-not-object.json": "33d79db6d86d7b825f8bdbbc72bdfb43814f1b642c4bbba62d021a0ece9c19c2",
    "handoff-v4/invalid/schema-observation-missing-criteria.json": "a475afd23d4decd2a55b26005bdcb1f870ae1c0d60b2e2b809f6fae065849273",
    "handoff-v4/invalid/schema-observation-not-object.json": "0e1b25db2d109cbc7acc14229a9d23fcb1cacb5a1276d7dba88b8a027703a2eb",
    "handoff-v4/invalid/schema-observation-unknown-field.json": "17dfdf79024bd45964e35899de2f6b9db38eef18beda20d5c911ff29e05ae6d0",
    "handoff-v4/invalid/schema-safe-alternative-not-text.json": "b422556d47ad1afad5dcadf0943963321fdefa372dbde61b23139e833fb768f8",
    "handoff-v4/invalid/schema-safe-outcome-analytical-with-refs.json": "40f4b13b31e110f181492ad2e28ab57ce0f77323273dfc2f3c8c45676382b017",
    "handoff-v4/invalid/schema-safe-outcome-blank-statement.json": "6701bbdac6857a715d5109c76d238507ed5886f37dc57b550308a5154ebf3af7",
    "handoff-v4/invalid/schema-safe-outcome-empty.json": "bf5b7330efc6466a3d0a78fa157ed2f995ec206cdccf8dab2fb313cc9472bdb0",
    "handoff-v4/invalid/schema-safe-outcome-not-object.json": "fdf6c786ddcf7b7595a6619a9b58e7a0edef53f21c0ff48f2c4f10e559e1d94f",
    "handoff-v4/invalid/schema-safe-outcome-unknown-field.json": "54457b6979ab4fca288db78f66d04ff0dc897a3c0a57497ea805d3145db7d738",
    "handoff-v4/invalid/schema-scenario-version-not-integer.json": "3c4875262708d0d4cead457f9e237d22f08fc26fb9ff41c5dce6f7e508fef97a",
    "handoff-v4/invalid/schema-tool-call-condition-empty.json": "a8f20a7957584c0776efc3bfe85fce8db94840745884430233ddee7d66995d34",
    "handoff-v4/invalid/schema-tool-call-reason-not-bound.json": "541b0628e6f3b1e6cd8120274a329268eb3072396537f2a5e0520b4a9b4942c3",
    "handoff-v4/invalid/schema-tool-call-status-not-enumerated.json": "4f588e1fc05382b2b360ce2a055d75bf0381488ce356daa54f70a536c3c74a42",
    "handoff-v4/invalid/schema-unknown-field.json": "e7615a73ba186e30dd54e5d26a0859f4acf5a623143f7be847ff1494ef88af7c",
    "handoff-v4/invalid/schema-unknown-not-text.json": "ae5005c39dd87b75b4493cc5d6ece50f570b61b51fe47e2b5ae3b0939344b04a",
    "handoff-v4/invalid/schema-unknown-version.json": "679cc82bc30f64253cd5b7e704a92ecb129c296347baa56a249327621a263585",
    "handoff-v3/invalid/schema-stimulus-turn-field-top-level.json": "03f5a9f817cffe8f2405c7732cc6d43d8c1880c8dcf8d5de926fe798e9ab95b9",
    "handoff-v4/invalid/schema-stimulus-turn-field-top-level.json": "3a53547799fa3fd0063eb9464517030354c493c4981fc964ea07b1e62ea3800d"
  },
  "handoff_schema_version": "scenario-handoff-v1",
  "handoff_schema_versions": [
    "scenario-handoff-v1",
    "scenario-handoff-v2",
    "scenario-handoff-v3",
    "scenario-handoff-v4"
  ],
  "metadata_fields": [
    "schema_version",
    "scenario_id",
    "scenario_version",
    "kind",
    "hypothesis_framing",
    "semantic_failure_criterion",
    "safe_alternative",
    "safe_observable_outcome",
    "deduplication",
    "governing_rules",
    "lineage",
    "documented_operations",
    "sourced_facts",
    "assumptions_and_unknowns",
    "content_digest",
    "observation",
    "discriminating_condition",
    "condition_check",
    "condition_omitted_reason",
    "tool_call_condition_status",
    "tool_call_condition",
    "attack_shape"
  ],
  "representations": [
    "narrative",
    "attack_tree",
    "gherkin"
  ]
}
