{
  "authority": "asago-scenario-generator",
  "bundle_schema_version": "stpa-execution-bundle-v1",
  "contract": "stpa-execution",
  "files": {
    "bundle-v1/canonical-digests.json": "7df3385290d6319fdfe7dae93e38724a25e61769f26491acccd20b50804fadfc",
    "bundle-v1/expected-violations.json": "98ff3167dce1c724b03ae0f4f5f3dd55eef5808d9f84606af8cb6e3289c128f0",
    "bundle-v1/invalid/hash-mismatch/execution-bundle.json": "623789a5cbb11864dd4359f847d46cbfca72f0519b37a6a3b608ed35f0b78587",
    "bundle-v1/invalid/hash-mismatch/scenarios/SCN-001.scenario.json": "adb324dce13129a1bc806119271575e4d824de98ad473ee743ef0132aab79c1d",
    "bundle-v1/invalid/hash-mismatch/scenarios/canonical/SCN-001.projection.json": "14a9219649d9b815f473699c5682237c1f463944d068bff865ae43d662234437",
    "bundle-v1/invalid/pair-mismatch/execution-bundle.json": "19128ce30d85095f1ef3357c611d95732b5a78800898252363866d8f59cb89a4",
    "bundle-v1/invalid/pair-mismatch/scenarios/SCN-001.scenario.json": "cf13fa992da2433f922a2b1a5c97ae29ddc1eb156ac27ad4e7ee5c8a1d0974f0",
    "bundle-v1/invalid/pair-mismatch/scenarios/canonical/SCN-001.projection.json": "14a9219649d9b815f473699c5682237c1f463944d068bff865ae43d662234437",
    "bundle-v1/schema.json": "8ea307f6cb825fa7cd3a813fff02c5781a6939e21ed3207df71fdf870d39fd82",
    "bundle-v1/valid/minimal-run/execution-bundle.json": "ad6d500fea7f324ca2990d59dc810e1cc7fb011cee1374e6fa696db6c7ee0fbf",
    "bundle-v1/valid/minimal-run/scenarios/SCN-001.scenario.json": "adb324dce13129a1bc806119271575e4d824de98ad473ee743ef0132aab79c1d",
    "bundle-v1/valid/minimal-run/scenarios/canonical/SCN-001.projection.json": "14a9219649d9b815f473699c5682237c1f463944d068bff865ae43d662234437",
    "projection-v2/canonical-digests.json": "23763a6e888a2281955f1fd390c596dd2539108b3bc3e0f1b9340370e4feab5a",
    "projection-v2/expected-violations.json": "8ebaec710e73c018ad1806f17b9716c960d16bed6080283970affbcb77de1d51",
    "projection-v2/invalid/binding-state-mismatch.json": "542c0c3096c112e5fd03dc4e4cdf2946e985ec0f23384ac51fd090cd392fcddf",
    "projection-v2/invalid/forged-reference.json": "fe4e59e7fc7b0393a192323aff1b64078e8a4416dc924bfabe4216554bff126b",
    "projection-v2/invalid/negative-time.json": "ec53f8e0a5571f5b55b56efaa13996dc4c6014b645f42352fc253d747f10c868",
    "projection-v2/invalid/reversed-window.json": "2d3e9d10036ec0759e9baed383bbc830eb7f6095b364f24aa831b2638dfe241f",
    "projection-v2/invalid/runtime-observation.json": "762fa0575b6a7319ba9d74830b2989a51c701fbb5d4c392c231b62641f8c64ac",
    "projection-v2/invalid/unknown-field.json": "a471b0250b269f9d3f1b4cdb587c7d03bedad3fd8d73d0785988167eaaaeabcd",
    "projection-v2/schema.json": "2231e2136bf6439b7671671105b6abb41f680bfd032a3827a69f384e02331a50",
    "projection-v2/valid/absence.json": "fbf477e2c6fa4eefa12e7e8cf45434df0b831366867b093e1b5069c038d47e20",
    "projection-v2/valid/delay.json": "c34c7188b934d21c3c1c9a20fc48232660481862c01a5ad0eb1b33bf7a285fd1",
    "projection-v2/valid/delay-placeholder.json": "c528239e7af4aaf9096da16de66759b2b6d4ff04ad3301c5b735f74b74d59edd",
    "projection-v2/valid/duration.json": "3280a0b55d27209d28e21ff468418eb1214b2810c0f98a89a8005fc6e9dd729c",
    "projection-v2/valid/fully-bound.json": "8d92a69dd340c52462301bc7f451ad2b8e13c9a6b5dc1adced974a0247648230",
    "projection-v2/valid/ordering.json": "4058cf91f2440897984fde70fafe653c156cc3c8cb48fce6eda5f76d55cf39e3",
    "projection-v2/valid/semantic-binding-required.json": "6fc4586bfa833c6c2a90af4ea44dac6bf1be43293dacac2cdf449f346559d461",
    "projection-v2/valid/window.json": "6a691e09f62c2825b8b92442fe577e17903a297d80280f135c17a875426a34ca"
  },
  "projection_schema_version": "stpa-execution-projection-v2"
}
