{"authority":"asago-scenario-generator","bundle_schema_version":"stpa-execution-bundle-v1","contract":"stpa-execution","files":{"bundle-v1/canonical-digests.json":"a737f8f51aa92dc06561830e5781f3ba2819fb06b7ac233bed82cb433a63540d","bundle-v1/expected-violations.json":"d8428d3a7362f0e0fd2cc18d9798f15630b1c023741129c33640e4de206d19fc","bundle-v1/invalid/hash-mismatch/execution-bundle.json":"623789a5cbb11864dd4359f847d46cbfca72f0519b37a6a3b608ed35f0b78587","bundle-v1/invalid/hash-mismatch/scenarios/SCN-001.scenario.json":"49590f238302705b4570dcf9ce40b744a8fb5a2e0611000c8643649651a3028d","bundle-v1/invalid/hash-mismatch/scenarios/canonical/SCN-001.projection.json":"81ce78e9368ba9dc605f6bc1143456338b42a2481016b56360678dc12e1c3bd9","bundle-v1/invalid/pair-mismatch/execution-bundle.json":"b935bf17b72af6e1498c57df83194467abd9791fc73ad12b258beb00c4234a7b","bundle-v1/invalid/pair-mismatch/scenarios/SCN-001.scenario.json":"9698c10e99e40c48f40766c4f40f46f9d06c5802825428cf8b114a098dbf7550","bundle-v1/invalid/pair-mismatch/scenarios/canonical/SCN-001.projection.json":"81ce78e9368ba9dc605f6bc1143456338b42a2481016b56360678dc12e1c3bd9","bundle-v1/schema.json":"8ea307f6cb825fa7cd3a813fff02c5781a6939e21ed3207df71fdf870d39fd82","bundle-v1/valid/minimal-run/execution-bundle.json":"f7ad9b5d6dad2c2055840bfeef10c593d1f12f4b1dee14a66d7f3ad2ce54db4b","bundle-v1/valid/minimal-run/scenarios/SCN-001.scenario.json":"49590f238302705b4570dcf9ce40b744a8fb5a2e0611000c8643649651a3028d","bundle-v1/valid/minimal-run/scenarios/canonical/SCN-001.projection.json":"81ce78e9368ba9dc605f6bc1143456338b42a2481016b56360678dc12e1c3bd9","projection-v2/canonical-digests.json":"41de351152e04c36e7a09cc0c8fc67eaaa6f450346d28994bf57b2690a61190c","projection-v2/expected-violations.json":"8ebaec710e73c018ad1806f17b9716c960d16bed6080283970affbcb77de1d51","projection-v2/invalid/binding-state-mismatch.json":"1e4b9659b776a24e7e73852b3df9738d547e601de212531a376ebfb32ee5d2f5","projection-v2/invalid/forged-reference.json":"3957984dd561229aa6f974bd9f64e734a4fbaf83daea0e268922307f59cf6428","projection-v2/invalid/negative-time.json":"6d4458b8f4979eeb504b87d1466e932e5538ebfc9c40a1816c4f1b86f80c101a","projection-v2/invalid/reversed-window.json":"26cf8140f6b98dbd1b59308a941b773372554e4050dcdc0e2e6a216926fa86a2","projection-v2/invalid/runtime-observation.json":"5e36f44fe0c7b2c3824044effb0bd5c66d6e7466cd3f8d7ca3552650118ffc59","projection-v2/invalid/unknown-field.json":"0559e29800b4b65500539e89f67ea0b9f695110592e99d16d0694bd8889573f5","projection-v2/schema.json":"d31864eb75610c5e6aaa402f8dfb7a3662dc46545f7cd222e92c8d2cb591655b","projection-v2/valid/absence.json":"92a24ccb07cd959c8a8e07cdb102ace335e2c5a972e113ebd519c3a02dd5c98a","projection-v2/valid/delay-placeholder.json":"611127fbff9efcb69595b121cb3bddf518d68e2d722bdd5b5f1a13365bdd65d6","projection-v2/valid/delay.json":"d3e5b62a57639e93fb8cea4a55be37377744ea62b48676290574278a48fd83d4","projection-v2/valid/duration.json":"a264f0620c9617eff31873b0ff9d54f77ab00b03613e66ebd2c9d2eb3da2e82c","projection-v2/valid/fully-bound.json":"2fcb65c084400e458f0e3efe718533b75418389b242a262d861443348ca3192f","projection-v2/valid/ordering.json":"fe1eb9dc6765b476e25e1000ca81189b88aec59d2ce2e42fcef2601b066b6ea9","projection-v2/valid/semantic-binding-required.json":"2fcb65c084400e458f0e3efe718533b75418389b242a262d861443348ca3192f","projection-v2/valid/unspecified-basis.json":"b71fea2bcbac40317fadf52e9461e076aef3899d0bfb7793c33870e21f1922d2","projection-v2/valid/window.json":"207733885819ad0bc2854aaa08ef7a9272a8af9a439674d2db234ea74dd28acf","target-profile-v1/canonical-digests.json":"615038bf2021ac92ce85f5f83f404692cc5a42bd30f4fc8875e2d2e553dd84f6","target-profile-v1/expected-violations.json":"fca6290c25a069424caf4a1370eea868505bb35502a1e85aff6c3cd44e9b75c1","target-profile-v1/invalid/unknown-field.json":"a44e90e8cc43eac983895d8f93aeaedfbae09c6da331d061a2c7cd58b8cd3269","target-profile-v1/schema.json":"b09772f042f66a90b79e801fd25e6e48336d5eb0a9884f4934d25a48eeaf7d5c","target-profile-v1/valid/minimal.json":"c80f375a4faeba15de2b118e5460950783d26ab15a381402272bdaa2b0ae25c7"},"projection_schema_version":"stpa-execution-projection-v2"}
