{"authority":"asago-scenario-generator","bundle_schema_version":"stpa-execution-bundle-v1","bundle_schema_versions":["stpa-execution-bundle-v1","stpa-execution-bundle-v2"],"contract":"stpa-execution","files":{"bundle-v1/canonical-digests.json":"a737f8f51aa92dc06561830e5781f3ba2819fb06b7ac233bed82cb433a63540d","bundle-v1/expected-violations.json":"d8428d3a7362f0e0fd2cc18d9798f15630b1c023741129c33640e4de206d19fc","bundle-v1/invalid/hash-mismatch/execution-bundle.json":"623789a5cbb11864dd4359f847d46cbfca72f0519b37a6a3b608ed35f0b78587","bundle-v1/invalid/hash-mismatch/scenarios/SCN-001.scenario.json":"49590f238302705b4570dcf9ce40b744a8fb5a2e0611000c8643649651a3028d","bundle-v1/invalid/hash-mismatch/scenarios/canonical/SCN-001.projection.json":"81ce78e9368ba9dc605f6bc1143456338b42a2481016b56360678dc12e1c3bd9","bundle-v1/invalid/pair-mismatch/execution-bundle.json":"b935bf17b72af6e1498c57df83194467abd9791fc73ad12b258beb00c4234a7b","bundle-v1/invalid/pair-mismatch/scenarios/SCN-001.scenario.json":"9698c10e99e40c48f40766c4f40f46f9d06c5802825428cf8b114a098dbf7550","bundle-v1/invalid/pair-mismatch/scenarios/canonical/SCN-001.projection.json":"81ce78e9368ba9dc605f6bc1143456338b42a2481016b56360678dc12e1c3bd9","bundle-v1/schema.json":"8ea307f6cb825fa7cd3a813fff02c5781a6939e21ed3207df71fdf870d39fd82","bundle-v1/valid/minimal-run/execution-bundle.json":"f7ad9b5d6dad2c2055840bfeef10c593d1f12f4b1dee14a66d7f3ad2ce54db4b","bundle-v1/valid/minimal-run/scenarios/SCN-001.scenario.json":"49590f238302705b4570dcf9ce40b744a8fb5a2e0611000c8643649651a3028d","bundle-v1/valid/minimal-run/scenarios/canonical/SCN-001.projection.json":"81ce78e9368ba9dc605f6bc1143456338b42a2481016b56360678dc12e1c3bd9","bundle-v2/canonical-digests.json":"3e95b93b995083e83f1ad1ea0ebba09c07ade4672fd93cbf7b1bf0148b626a46","bundle-v2/expected-violations.json":"a55b96dfae229ad8799b9e6317ca2a4b479fa41a00ed68ecf7a072e285d436bc","bundle-v2/invalid/hash-mismatch/execution-bundle.json":"6d64758947d1098a653cd65dc98ebcb6758a6b8f781d7a4eb009bfb9e2b116e1","bundle-v2/invalid/hash-mismatch/scenarios/SCN-001.scenario.json":"8012457f3c4c89ce92686e58c5e8c511cc32baef34b1979e66468bd62d701921","bundle-v2/invalid/hash-mismatch/scenarios/canonical/SCN-001.projection.json":"5e2a622dcb020d1dbe3fff0d2af364676a85f57175fd8b7249ea45edbf0caba6","bundle-v2/invalid/pair-mismatch/execution-bundle.json":"6b7fb24c2753595df1a113dd748f739e55b76123a7cfd7bdc3447d22d034bc27","bundle-v2/invalid/pair-mismatch/scenarios/SCN-001.scenario.json":"9698c10e99e40c48f40766c4f40f46f9d06c5802825428cf8b114a098dbf7550","bundle-v2/invalid/pair-mismatch/scenarios/canonical/SCN-001.projection.json":"5e2a622dcb020d1dbe3fff0d2af364676a85f57175fd8b7249ea45edbf0caba6","bundle-v2/schema.json":"27158bef63c142ba6a69dd291b119372a1931e26244fc6a1f7ffcc5caf8fff29","bundle-v2/valid/minimal-run/execution-bundle.json":"1c56f939433863179770a894d5f6685989a4d15d3538b6800714b25281f08fe3","bundle-v2/valid/minimal-run/scenarios/SCN-001.scenario.json":"8012457f3c4c89ce92686e58c5e8c511cc32baef34b1979e66468bd62d701921","bundle-v2/valid/minimal-run/scenarios/canonical/SCN-001.projection.json":"5e2a622dcb020d1dbe3fff0d2af364676a85f57175fd8b7249ea45edbf0caba6","projection-v2/canonical-digests.json":"70c1269a83555eb4d89e173b58a2708d9f9bdd193af72dfd99c7776a5b1cda9c","projection-v2/expected-violations.json":"118bba4933474537575e69a426f21e1d42c47a6b12291bff77d2a546ffaf8362","projection-v2/invalid/binding-state-mismatch.json":"1e4b9659b776a24e7e73852b3df9738d547e601de212531a376ebfb32ee5d2f5","projection-v2/invalid/forged-reference.json":"3957984dd561229aa6f974bd9f64e734a4fbaf83daea0e268922307f59cf6428","projection-v2/invalid/negative-time.json":"6d4458b8f4979eeb504b87d1466e932e5538ebfc9c40a1816c4f1b86f80c101a","projection-v2/invalid/ordering-reference-without-argument.json":"0548aa05a08b247e90142cddc73ea82bce1c589b1c6c7e18812c938b14dd7c9d","projection-v2/invalid/reversed-window.json":"26cf8140f6b98dbd1b59308a941b773372554e4050dcdc0e2e6a216926fa86a2","projection-v2/invalid/runtime-observation.json":"5e36f44fe0c7b2c3824044effb0bd5c66d6e7466cd3f8d7ca3552650118ffc59","projection-v2/invalid/turns-duplicate-ids.json":"6e856ffc24117c5fb5842f62583a328598ea480e9cd663c9eb8c881e4eee7ace","projection-v2/invalid/turns-on-direct-prompt.json":"b030284548eb3d98ef7cf06ed771da3b8bb319ef9525743c260bca7a18b6b08a","projection-v2/invalid/unknown-field.json":"0559e29800b4b65500539e89f67ea0b9f695110592e99d16d0694bd8889573f5","projection-v2/schema.json":"a4976a8244fd0e31ccdfe1c7c0df40e1b22887da80a8eadb19d46b97f19a08b4","projection-v2/valid/absence.json":"92a24ccb07cd959c8a8e07cdb102ace335e2c5a972e113ebd519c3a02dd5c98a","projection-v2/valid/conversation-user-turns.json":"42e0223cd63ef930024f6caaa4b0fd6ea8ff4b1f3ff8db30ee4e57ced58780b0","projection-v2/valid/delay-placeholder.json":"611127fbff9efcb69595b121cb3bddf518d68e2d722bdd5b5f1a13365bdd65d6","projection-v2/valid/delay.json":"d3e5b62a57639e93fb8cea4a55be37377744ea62b48676290574278a48fd83d4","projection-v2/valid/duration.json":"a264f0620c9617eff31873b0ff9d54f77ab00b03613e66ebd2c9d2eb3da2e82c","projection-v2/valid/fully-bound.json":"2fcb65c084400e458f0e3efe718533b75418389b242a262d861443348ca3192f","projection-v2/valid/ordering-reference-tool.json":"af563a9dadfa4a8042c317df82b5e118d99cc677e6beb9dd9ca75f2c99e4e7a0","projection-v2/valid/ordering.json":"fe1eb9dc6765b476e25e1000ca81189b88aec59d2ce2e42fcef2601b066b6ea9","projection-v2/valid/semantic-binding-required.json":"2fcb65c084400e458f0e3efe718533b75418389b242a262d861443348ca3192f","projection-v2/valid/unspecified-basis.json":"b71fea2bcbac40317fadf52e9461e076aef3899d0bfb7793c33870e21f1922d2","projection-v2/valid/window.json":"207733885819ad0bc2854aaa08ef7a9272a8af9a439674d2db234ea74dd28acf","projection-v3/canonical-digests.json":"c7f8ee7ad54b8edefd9a1db25310cbfad50b52ff215dad5e2bfca4bb0cc4e5a5","projection-v3/expected-violations.json":"2d4fb7e0a460ae5fde1e84f46de5efd32aba49d5b47f7d7d71b0056b28150384","projection-v3/invalid/carrier-digest-mismatch.json":"07488a7ed4e95401e31238df4a3d640c3e896e4e7a76aa76fd7d731bde53fd89","projection-v3/invalid/carrier-field-invalid.json":"a968f7bb7e6078919c32054f7fa44ca61b8c05383a35d81a08e996ff6f432afd","projection-v3/invalid/carrier-on-non-omission.json":"26bb26d5c250543244a2d574c7459d817b89e95531392a0221c8a059c9c9d9f1","projection-v3/invalid/omission-evidence-missing.json":"60146f19f7ebf142ca1500485f1497585b56ff34cd305380afe544a2ff7ae3a1","projection-v3/invalid/prepared-text-missing.json":"21c103ab34beebc038703e30594be13993d6b791f0f7b25251c64cf945a7330d","projection-v3/invalid/unknown-carrier-field.json":"655a56d160cea1ca661fd91818259556999bdf83e6931d99151abbf0834ec584","projection-v3/schema.json":"35e51a554e63d940e4ea63db443023b5af2958b81c2a32c3ef990c5e93b64a66","projection-v3/valid/plain-non-omission.json":"c7e4e5c01cd17ff379b3ac2824974b704a9514c9c11353b12b505fa19ffa980c","projection-v3/valid/structured-omission-conversation.json":"a10f2b28988dcb4ee6b2052d2bcbf1e1648e1523c3b548b9b14025be4465c226","projection-v3/valid/structured-omission-direct.json":"5918d2ed2045f32eb41db2712900195500a1df876685b388cb5540165a780e20","target-profile-v1/canonical-digests.json":"a113ca890da09b1303f9ab6d5209fe154758b7a4d6a3a2c377b854809aa7856b","target-profile-v1/expected-violations.json":"fca6290c25a069424caf4a1370eea868505bb35502a1e85aff6c3cd44e9b75c1","target-profile-v1/invalid/unknown-field.json":"8a006e84f36f3f6ab19075b76febf37201dd9547db4531cc6673fe181a91b4b0","target-profile-v1/schema.json":"b26528d27bbb3725f8bfedea9ca55c4ebae6b73f2d9050648009b06104bf1bb7","target-profile-v1/valid/minimal.json":"4f900d86ad3573de9b3a67ba0f04e3a228876fe64aa875a64803e34e46b3d033"},"projection_schema_version":"stpa-execution-projection-v2","projection_schema_versions":["stpa-execution-projection-v2","stpa-execution-projection-v3"]}
